
Microsoft Visual Studio Solution File, Format Version 12.00
# Visual Studio Version 17
VisualStudioVersion = 17.2.32630.192
MinimumVisualStudioVersion = 10.0.40219.1
Project("{FAE04EC0-301F-11D3-BF4B-00C04F79EFBC}") = "WepJWT", "WepJWT\WepJWT.csproj", "{B220FE1B-90A4-437B-B442-421CEE190B33}"
EndProject
Global
	GlobalSection(SolutionConfigurationPlatforms) = preSolution
		Debug|Any CPU = Debug|Any CPU
		Release|Any CPU = Release|Any CPU
	EndGlobalSection
	GlobalSection(ProjectConfigurationPlatforms) = postSolution
		{B220FE1B-90A4-437B-B442-421CEE190B33}.Debug|Any CPU.ActiveCfg = Debug|Any CPU
		{B220FE1B-90A4-437B-B442-421CEE190B33}.Debug|Any CPU.Build.0 = Debug|Any CPU
		{B220FE1B-90A4-437B-B442-421CEE190B33}.Release|Any CPU.ActiveCfg = Release|Any CPU
		{B220FE1B-90A4-437B-B442-421CEE190B33}.Release|Any CPU.Build.0 = Release|Any CPU
	EndGlobalSection
	GlobalSection(SolutionProperties) = preSolution
		HideSolutionNode = FALSE
	EndGlobalSection
	GlobalSection(ExtensibilityGlobals) = postSolution
		SolutionGuid = {C7043DAE-7220-4D89-A340-9C37A76888BB}
	EndGlobalSection
EndGlobal
