
Microsoft Visual Studio Solution File, Format Version 12.00
# Visual Studio Version 17
VisualStudioVersion = 17.2.32630.192
MinimumVisualStudioVersion = 10.0.40219.1
Project("{FAE04EC0-301F-11D3-BF4B-00C04F79EFBC}") = "JWC.Project", "JWC.Project\JWC.Project.csproj", "{51BB5D8A-4158-4D71-9765-44A15DD35315}"
EndProject
Global
	GlobalSection(SolutionConfigurationPlatforms) = preSolution
		Debug|Any CPU = Debug|Any CPU
		Release|Any CPU = Release|Any CPU
	EndGlobalSection
	GlobalSection(ProjectConfigurationPlatforms) = postSolution
		{51BB5D8A-4158-4D71-9765-44A15DD35315}.Debug|Any CPU.ActiveCfg = Debug|Any CPU
		{51BB5D8A-4158-4D71-9765-44A15DD35315}.Debug|Any CPU.Build.0 = Debug|Any CPU
		{51BB5D8A-4158-4D71-9765-44A15DD35315}.Release|Any CPU.ActiveCfg = Release|Any CPU
		{51BB5D8A-4158-4D71-9765-44A15DD35315}.Release|Any CPU.Build.0 = Release|Any CPU
	EndGlobalSection
	GlobalSection(SolutionProperties) = preSolution
		HideSolutionNode = FALSE
	EndGlobalSection
	GlobalSection(ExtensibilityGlobals) = postSolution
		SolutionGuid = {3953A236-8F67-40F3-995C-4BC4A484FFD3}
	EndGlobalSection
EndGlobal
